
Microsoft Visual Studio Solution File, Format Version 12.00
# Visual Studio Version 17
VisualStudioVersion = 17.1.32421.90
MinimumVisualStudioVersion = 10.0.40219.1
Project("{FAE04EC0-301F-11D3-BF4B-00C04F79EFBC}") = "MainApplication", "MainApplication\MainApplication.csproj", "{0BC52A2B-D0A3-4A6D-A403-D94388D63E82}"
EndProject
Global
	GlobalSection(SolutionConfigurationPlatforms) = preSolution
		Debug|Any CPU = Debug|Any CPU
		Release|Any CPU = Release|Any CPU
	EndGlobalSection
	GlobalSection(ProjectConfigurationPlatforms) = postSolution
		{0BC52A2B-D0A3-4A6D-A403-D94388D63E82}.Debug|Any CPU.ActiveCfg = Debug|Any CPU
		{0BC52A2B-D0A3-4A6D-A403-D94388D63E82}.Debug|Any CPU.Build.0 = Debug|Any CPU
		{0BC52A2B-D0A3-4A6D-A403-D94388D63E82}.Release|Any CPU.ActiveCfg = Release|Any CPU
		{0BC52A2B-D0A3-4A6D-A403-D94388D63E82}.Release|Any CPU.Build.0 = Release|Any CPU
	EndGlobalSection
	GlobalSection(SolutionProperties) = preSolution
		HideSolutionNode = FALSE
	EndGlobalSection
	GlobalSection(ExtensibilityGlobals) = postSolution
		SolutionGuid = {E5E2C74C-E62A-4609-B4ED-4D5ACAA16C5D}
	EndGlobalSection
EndGlobal
